
Microsoft Visual Studio Solution File, Format Version 12.00
# Visual Studio Version 16
VisualStudioVersion = 16.0.31229.75
MinimumVisualStudioVersion = 10.0.40219.1
Project("{FAE04EC0-301F-11D3-BF4B-00C04F79EFBC}") = "johndoeAcution", "johndoeAcution\johndoeAcution.csproj", "{E65AD383-A7AD-4D05-9759-BCEBC6007EEF}"
EndProject
Project("{FAE04EC0-301F-11D3-BF4B-00C04F79EFBC}") = "johndoeAcutionServer", "johndoeAcutionServer\johndoeAcutionServer.csproj", "{145B52FB-9576-4177-87F3-71B8F3708752}"
EndProject
Global
	GlobalSection(SolutionConfigurationPlatforms) = preSolution
		Debug|Any CPU = Debug|Any CPU
		Release|Any CPU = Release|Any CPU
	EndGlobalSection
	GlobalSection(ProjectConfigurationPlatforms) = postSolution
		{E65AD383-A7AD-4D05-9759-BCEBC6007EEF}.Debug|Any CPU.ActiveCfg = Debug|Any CPU
		{E65AD383-A7AD-4D05-9759-BCEBC6007EEF}.Debug|Any CPU.Build.0 = Debug|Any CPU
		{E65AD383-A7AD-4D05-9759-BCEBC6007EEF}.Release|Any CPU.ActiveCfg = Release|Any CPU
		{E65AD383-A7AD-4D05-9759-BCEBC6007EEF}.Release|Any CPU.Build.0 = Release|Any CPU
		{145B52FB-9576-4177-87F3-71B8F3708752}.Debug|Any CPU.ActiveCfg = Debug|Any CPU
		{145B52FB-9576-4177-87F3-71B8F3708752}.Debug|Any CPU.Build.0 = Debug|Any CPU
		{145B52FB-9576-4177-87F3-71B8F3708752}.Release|Any CPU.ActiveCfg = Release|Any CPU
		{145B52FB-9576-4177-87F3-71B8F3708752}.Release|Any CPU.Build.0 = Release|Any CPU
	EndGlobalSection
	GlobalSection(SolutionProperties) = preSolution
		HideSolutionNode = FALSE
	EndGlobalSection
	GlobalSection(ExtensibilityGlobals) = postSolution
		SolutionGuid = {719BC1C5-2044-44BC-9B2D-547B322D9612}
	EndGlobalSection
EndGlobal
